<Solution>
  <Folder Name="/Solution Items/">
    <File Path="README.md" />
  </Folder>
  <Folder Name="/src/">
    <Project Path="src/JiraMcpServer/JiraMcpServer.csproj" />
  </Folder>
  <Folder Name="/tests/">
    <Project Path="tests/JiraMcpServer.Tests/JiraMcpServer.Tests.csproj" />
  </Folder>
</Solution>
